
Microsoft Visual Studio Solution File, Format Version 12.00
# Visual Studio Version 16
VisualStudioVersion = 16.0.29806.167
MinimumVisualStudioVersion = 10.0.40219.1
Project("{FAE04EC0-301F-11D3-BF4B-00C04F79EFBC}") = "BimProjectSetupCLI", "BimProjectSetupCLI\BimProjectSetupCLI.csproj", "{9257F85B-A5E7-464A-9C13-9AAA4864028D}"
EndProject
Project("{FAE04EC0-301F-11D3-BF4B-00C04F79EFBC}") = "BimProjectSetupCommon", "BimProjectSetupCommon\BimProjectSetupCommon.csproj", "{E89BD53E-9D65-4633-8D39-D42494E76C78}"
EndProject
Project("{FAE04EC0-301F-11D3-BF4B-00C04F79EFBC}") = "ForgeBimApi", "ForgeBimApi\ForgeBimApi.csproj", "{53655EB7-B32C-4186-AAFB-F43271B9223E}"
EndProject
Project("{FAE04EC0-301F-11D3-BF4B-00C04F79EFBC}") = "CustomBIMFromCSV", "CustomBIMFromCSV\CustomBIMFromCSV.csproj", "{E87842EE-7ABE-4F48-8AD3-25967DF5CF64}"
EndProject
Project("{9A19103F-16F7-4668-BE54-9A1E7A4F7556}") = "CustomGUI", "CustomGUI\CustomGUI.csproj", "{4C5728BB-74C6-4091-BD4A-850EF86AD385}"
EndProject
Project("{FAE04EC0-301F-11D3-BF4B-00C04F79EFBC}") = "AdskConstructionCloudBreakdown", "AdskConstructionCloudBreakdown\AdskConstructionCloudBreakdown.csproj", "{4C040FE7-E74A-4457-BADD-ACF0E5673E83}"
EndProject
Project("{930C7802-8A8C-48F9-8165-68863BCCD9DD}") = "SetupForgeGUI", "SetupForgeGUI\SetupForgeGUI.wixproj", "{5A51C49B-6978-4740-B40E-0FCE61FC5085}"
EndProject
Global
	GlobalSection(SolutionConfigurationPlatforms) = preSolution
		Debug|Any CPU = Debug|Any CPU
		Debug|ARM = Debug|ARM
		Debug|ARM64 = Debug|ARM64
		Debug|x64 = Debug|x64
		Debug|x86 = Debug|x86
		Release|Any CPU = Release|Any CPU
		Release|ARM = Release|ARM
		Release|ARM64 = Release|ARM64
		Release|x64 = Release|x64
		Release|x86 = Release|x86
	EndGlobalSection
	GlobalSection(ProjectConfigurationPlatforms) = postSolution
		{9257F85B-A5E7-464A-9C13-9AAA4864028D}.Debug|Any CPU.ActiveCfg = Debug|Any CPU
		{9257F85B-A5E7-464A-9C13-9AAA4864028D}.Debug|Any CPU.Build.0 = Debug|Any CPU
		{9257F85B-A5E7-464A-9C13-9AAA4864028D}.Debug|ARM.ActiveCfg = Debug|Any CPU
		{9257F85B-A5E7-464A-9C13-9AAA4864028D}.Debug|ARM.Build.0 = Debug|Any CPU
		{9257F85B-A5E7-464A-9C13-9AAA4864028D}.Debug|ARM64.ActiveCfg = Debug|Any CPU
		{9257F85B-A5E7-464A-9C13-9AAA4864028D}.Debug|ARM64.Build.0 = Debug|Any CPU
		{9257F85B-A5E7-464A-9C13-9AAA4864028D}.Debug|x64.ActiveCfg = Debug|Any CPU
		{9257F85B-A5E7-464A-9C13-9AAA4864028D}.Debug|x64.Build.0 = Debug|Any CPU
		{9257F85B-A5E7-464A-9C13-9AAA4864028D}.Debug|x86.ActiveCfg = Debug|Any CPU
		{9257F85B-A5E7-464A-9C13-9AAA4864028D}.Debug|x86.Build.0 = Debug|Any CPU
		{9257F85B-A5E7-464A-9C13-9AAA4864028D}.Release|Any CPU.ActiveCfg = Release|Any CPU
		{9257F85B-A5E7-464A-9C13-9AAA4864028D}.Release|Any CPU.Build.0 = Release|Any CPU
		{9257F85B-A5E7-464A-9C13-9AAA4864028D}.Release|ARM.ActiveCfg = Release|Any CPU
		{9257F85B-A5E7-464A-9C13-9AAA4864028D}.Release|ARM.Build.0 = Release|Any CPU
		{9257F85B-A5E7-464A-9C13-9AAA4864028D}.Release|ARM64.ActiveCfg = Release|Any CPU
		{9257F85B-A5E7-464A-9C13-9AAA4864028D}.Release|ARM64.Build.0 = Release|Any CPU
		{9257F85B-A5E7-464A-9C13-9AAA4864028D}.Release|x64.ActiveCfg = Release|Any CPU
		{9257F85B-A5E7-464A-9C13-9AAA4864028D}.Release|x64.Build.0 = Release|Any CPU
		{9257F85B-A5E7-464A-9C13-9AAA4864028D}.Release|x86.ActiveCfg = Release|Any CPU
		{9257F85B-A5E7-464A-9C13-9AAA4864028D}.Release|x86.Build.0 = Release|Any CPU
		{E89BD53E-9D65-4633-8D39-D42494E76C78}.Debug|Any CPU.ActiveCfg = Debug|Any CPU
		{E89BD53E-9D65-4633-8D39-D42494E76C78}.Debug|Any CPU.Build.0 = Debug|Any CPU
		{E89BD53E-9D65-4633-8D39-D42494E76C78}.Debug|ARM.ActiveCfg = Debug|Any CPU
		{E89BD53E-9D65-4633-8D39-D42494E76C78}.Debug|ARM.Build.0 = Debug|Any CPU
		{E89BD53E-9D65-4633-8D39-D42494E76C78}.Debug|ARM64.ActiveCfg = Debug|Any CPU
		{E89BD53E-9D65-4633-8D39-D42494E76C78}.Debug|ARM64.Build.0 = Debug|Any CPU
		{E89BD53E-9D65-4633-8D39-D42494E76C78}.Debug|x64.ActiveCfg = Debug|Any CPU
		{E89BD53E-9D65-4633-8D39-D42494E76C78}.Debug|x64.Build.0 = Debug|Any CPU
		{E89BD53E-9D65-4633-8D39-D42494E76C78}.Debug|x86.ActiveCfg = Debug|Any CPU
		{E89BD53E-9D65-4633-8D39-D42494E76C78}.Debug|x86.Build.0 = Debug|Any CPU
		{E89BD53E-9D65-4633-8D39-D42494E76C78}.Release|Any CPU.ActiveCfg = Release|Any CPU
		{E89BD53E-9D65-4633-8D39-D42494E76C78}.Release|Any CPU.Build.0 = Release|Any CPU
		{E89BD53E-9D65-4633-8D39-D42494E76C78}.Release|ARM.ActiveCfg = Release|Any CPU
		{E89BD53E-9D65-4633-8D39-D42494E76C78}.Release|ARM.Build.0 = Release|Any CPU
		{E89BD53E-9D65-4633-8D39-D42494E76C78}.Release|ARM64.ActiveCfg = Release|Any CPU
		{E89BD53E-9D65-4633-8D39-D42494E76C78}.Release|ARM64.Build.0 = Release|Any CPU
		{E89BD53E-9D65-4633-8D39-D42494E76C78}.Release|x64.ActiveCfg = Release|Any CPU
		{E89BD53E-9D65-4633-8D39-D42494E76C78}.Release|x64.Build.0 = Release|Any CPU
		{E89BD53E-9D65-4633-8D39-D42494E76C78}.Release|x86.ActiveCfg = Release|Any CPU
		{E89BD53E-9D65-4633-8D39-D42494E76C78}.Release|x86.Build.0 = Release|Any CPU
		{53655EB7-B32C-4186-AAFB-F43271B9223E}.Debug|Any CPU.ActiveCfg = Debug|Any CPU
		{53655EB7-B32C-4186-AAFB-F43271B9223E}.Debug|Any CPU.Build.0 = Debug|Any CPU
		{53655EB7-B32C-4186-AAFB-F43271B9223E}.Debug|ARM.ActiveCfg = Debug|Any CPU
		{53655EB7-B32C-4186-AAFB-F43271B9223E}.Debug|ARM.Build.0 = Debug|Any CPU
		{53655EB7-B32C-4186-AAFB-F43271B9223E}.Debug|ARM64.ActiveCfg = Debug|Any CPU
		{53655EB7-B32C-4186-AAFB-F43271B9223E}.Debug|ARM64.Build.0 = Debug|Any CPU
		{53655EB7-B32C-4186-AAFB-F43271B9223E}.Debug|x64.ActiveCfg = Debug|Any CPU
		{53655EB7-B32C-4186-AAFB-F43271B9223E}.Debug|x64.Build.0 = Debug|Any CPU
		{53655EB7-B32C-4186-AAFB-F43271B9223E}.Debug|x86.ActiveCfg = Debug|Any CPU
		{53655EB7-B32C-4186-AAFB-F43271B9223E}.Debug|x86.Build.0 = Debug|Any CPU
		{53655EB7-B32C-4186-AAFB-F43271B9223E}.Release|Any CPU.ActiveCfg = Release|Any CPU
		{53655EB7-B32C-4186-AAFB-F43271B9223E}.Release|Any CPU.Build.0 = Release|Any CPU
		{53655EB7-B32C-4186-AAFB-F43271B9223E}.Release|ARM.ActiveCfg = Release|Any CPU
		{53655EB7-B32C-4186-AAFB-F43271B9223E}.Release|ARM.Build.0 = Release|Any CPU
		{53655EB7-B32C-4186-AAFB-F43271B9223E}.Release|ARM64.ActiveCfg = Release|Any CPU
		{53655EB7-B32C-4186-AAFB-F43271B9223E}.Release|ARM64.Build.0 = Release|Any CPU
		{53655EB7-B32C-4186-AAFB-F43271B9223E}.Release|x64.ActiveCfg = Release|Any CPU
		{53655EB7-B32C-4186-AAFB-F43271B9223E}.Release|x64.Build.0 = Release|Any CPU
		{53655EB7-B32C-4186-AAFB-F43271B9223E}.Release|x86.ActiveCfg = Release|Any CPU
		{53655EB7-B32C-4186-AAFB-F43271B9223E}.Release|x86.Build.0 = Release|Any CPU
		{E87842EE-7ABE-4F48-8AD3-25967DF5CF64}.Debug|Any CPU.ActiveCfg = Debug|Any CPU
		{E87842EE-7ABE-4F48-8AD3-25967DF5CF64}.Debug|Any CPU.Build.0 = Debug|Any CPU
		{E87842EE-7ABE-4F48-8AD3-25967DF5CF64}.Debug|ARM.ActiveCfg = Debug|Any CPU
		{E87842EE-7ABE-4F48-8AD3-25967DF5CF64}.Debug|ARM.Build.0 = Debug|Any CPU
		{E87842EE-7ABE-4F48-8AD3-25967DF5CF64}.Debug|ARM64.ActiveCfg = Debug|Any CPU
		{E87842EE-7ABE-4F48-8AD3-25967DF5CF64}.Debug|ARM64.Build.0 = Debug|Any CPU
		{E87842EE-7ABE-4F48-8AD3-25967DF5CF64}.Debug|x64.ActiveCfg = Debug|Any CPU
		{E87842EE-7ABE-4F48-8AD3-25967DF5CF64}.Debug|x64.Build.0 = Debug|Any CPU
		{E87842EE-7ABE-4F48-8AD3-25967DF5CF64}.Debug|x86.ActiveCfg = Debug|Any CPU
		{E87842EE-7ABE-4F48-8AD3-25967DF5CF64}.Debug|x86.Build.0 = Debug|Any CPU
		{E87842EE-7ABE-4F48-8AD3-25967DF5CF64}.Release|Any CPU.ActiveCfg = Release|Any CPU
		{E87842EE-7ABE-4F48-8AD3-25967DF5CF64}.Release|Any CPU.Build.0 = Release|Any CPU
		{E87842EE-7ABE-4F48-8AD3-25967DF5CF64}.Release|ARM.ActiveCfg = Release|Any CPU
		{E87842EE-7ABE-4F48-8AD3-25967DF5CF64}.Release|ARM.Build.0 = Release|Any CPU
		{E87842EE-7ABE-4F48-8AD3-25967DF5CF64}.Release|ARM64.ActiveCfg = Release|Any CPU
		{E87842EE-7ABE-4F48-8AD3-25967DF5CF64}.Release|ARM64.Build.0 = Release|Any CPU
		{E87842EE-7ABE-4F48-8AD3-25967DF5CF64}.Release|x64.ActiveCfg = Release|Any CPU
		{E87842EE-7ABE-4F48-8AD3-25967DF5CF64}.Release|x64.Build.0 = Release|Any CPU
		{E87842EE-7ABE-4F48-8AD3-25967DF5CF64}.Release|x86.ActiveCfg = Release|Any CPU
		{E87842EE-7ABE-4F48-8AD3-25967DF5CF64}.Release|x86.Build.0 = Release|Any CPU
		{4C5728BB-74C6-4091-BD4A-850EF86AD385}.Debug|Any CPU.ActiveCfg = Debug|Any CPU
		{4C5728BB-74C6-4091-BD4A-850EF86AD385}.Debug|Any CPU.Build.0 = Debug|Any CPU
		{4C5728BB-74C6-4091-BD4A-850EF86AD385}.Debug|ARM.ActiveCfg = Debug|Any CPU
		{4C5728BB-74C6-4091-BD4A-850EF86AD385}.Debug|ARM.Build.0 = Debug|Any CPU
		{4C5728BB-74C6-4091-BD4A-850EF86AD385}.Debug|ARM64.ActiveCfg = Debug|Any CPU
		{4C5728BB-74C6-4091-BD4A-850EF86AD385}.Debug|ARM64.Build.0 = Debug|Any CPU
		{4C5728BB-74C6-4091-BD4A-850EF86AD385}.Debug|x64.ActiveCfg = Debug|Any CPU
		{4C5728BB-74C6-4091-BD4A-850EF86AD385}.Debug|x64.Build.0 = Debug|Any CPU
		{4C5728BB-74C6-4091-BD4A-850EF86AD385}.Debug|x86.ActiveCfg = Debug|Any CPU
		{4C5728BB-74C6-4091-BD4A-850EF86AD385}.Debug|x86.Build.0 = Debug|Any CPU
		{4C5728BB-74C6-4091-BD4A-850EF86AD385}.Release|Any CPU.ActiveCfg = Release|Any CPU
		{4C5728BB-74C6-4091-BD4A-850EF86AD385}.Release|Any CPU.Build.0 = Release|Any CPU
		{4C5728BB-74C6-4091-BD4A-850EF86AD385}.Release|ARM.ActiveCfg = Release|Any CPU
		{4C5728BB-74C6-4091-BD4A-850EF86AD385}.Release|ARM.Build.0 = Release|Any CPU
		{4C5728BB-74C6-4091-BD4A-850EF86AD385}.Release|ARM64.ActiveCfg = Release|Any CPU
		{4C5728BB-74C6-4091-BD4A-850EF86AD385}.Release|ARM64.Build.0 = Release|Any CPU
		{4C5728BB-74C6-4091-BD4A-850EF86AD385}.Release|x64.ActiveCfg = Release|Any CPU
		{4C5728BB-74C6-4091-BD4A-850EF86AD385}.Release|x64.Build.0 = Release|Any CPU
		{4C5728BB-74C6-4091-BD4A-850EF86AD385}.Release|x86.ActiveCfg = Release|Any CPU
		{4C5728BB-74C6-4091-BD4A-850EF86AD385}.Release|x86.Build.0 = Release|Any CPU
		{4C040FE7-E74A-4457-BADD-ACF0E5673E83}.Debug|Any CPU.ActiveCfg = Debug|Any CPU
		{4C040FE7-E74A-4457-BADD-ACF0E5673E83}.Debug|Any CPU.Build.0 = Debug|Any CPU
		{4C040FE7-E74A-4457-BADD-ACF0E5673E83}.Debug|ARM.ActiveCfg = Debug|Any CPU
		{4C040FE7-E74A-4457-BADD-ACF0E5673E83}.Debug|ARM.Build.0 = Debug|Any CPU
		{4C040FE7-E74A-4457-BADD-ACF0E5673E83}.Debug|ARM64.ActiveCfg = Debug|Any CPU
		{4C040FE7-E74A-4457-BADD-ACF0E5673E83}.Debug|ARM64.Build.0 = Debug|Any CPU
		{4C040FE7-E74A-4457-BADD-ACF0E5673E83}.Debug|x64.ActiveCfg = Debug|Any CPU
		{4C040FE7-E74A-4457-BADD-ACF0E5673E83}.Debug|x64.Build.0 = Debug|Any CPU
		{4C040FE7-E74A-4457-BADD-ACF0E5673E83}.Debug|x86.ActiveCfg = Debug|Any CPU
		{4C040FE7-E74A-4457-BADD-ACF0E5673E83}.Debug|x86.Build.0 = Debug|Any CPU
		{4C040FE7-E74A-4457-BADD-ACF0E5673E83}.Release|Any CPU.ActiveCfg = Release|Any CPU
		{4C040FE7-E74A-4457-BADD-ACF0E5673E83}.Release|Any CPU.Build.0 = Release|Any CPU
		{4C040FE7-E74A-4457-BADD-ACF0E5673E83}.Release|ARM.ActiveCfg = Release|Any CPU
		{4C040FE7-E74A-4457-BADD-ACF0E5673E83}.Release|ARM.Build.0 = Release|Any CPU
		{4C040FE7-E74A-4457-BADD-ACF0E5673E83}.Release|ARM64.ActiveCfg = Release|Any CPU
		{4C040FE7-E74A-4457-BADD-ACF0E5673E83}.Release|ARM64.Build.0 = Release|Any CPU
		{4C040FE7-E74A-4457-BADD-ACF0E5673E83}.Release|x64.ActiveCfg = Release|Any CPU
		{4C040FE7-E74A-4457-BADD-ACF0E5673E83}.Release|x64.Build.0 = Release|Any CPU
		{4C040FE7-E74A-4457-BADD-ACF0E5673E83}.Release|x86.ActiveCfg = Release|Any CPU
		{4C040FE7-E74A-4457-BADD-ACF0E5673E83}.Release|x86.Build.0 = Release|Any CPU
		{5A51C49B-6978-4740-B40E-0FCE61FC5085}.Debug|Any CPU.ActiveCfg = Debug|x86
		{5A51C49B-6978-4740-B40E-0FCE61FC5085}.Debug|ARM.ActiveCfg = Debug|x86
		{5A51C49B-6978-4740-B40E-0FCE61FC5085}.Debug|ARM64.ActiveCfg = Debug|x86
		{5A51C49B-6978-4740-B40E-0FCE61FC5085}.Debug|x64.ActiveCfg = Debug|x86
		{5A51C49B-6978-4740-B40E-0FCE61FC5085}.Debug|x86.ActiveCfg = Debug|x86
		{5A51C49B-6978-4740-B40E-0FCE61FC5085}.Debug|x86.Build.0 = Debug|x86
		{5A51C49B-6978-4740-B40E-0FCE61FC5085}.Release|Any CPU.ActiveCfg = Release|x86
		{5A51C49B-6978-4740-B40E-0FCE61FC5085}.Release|ARM.ActiveCfg = Release|x86
		{5A51C49B-6978-4740-B40E-0FCE61FC5085}.Release|ARM64.ActiveCfg = Release|x86
		{5A51C49B-6978-4740-B40E-0FCE61FC5085}.Release|x64.ActiveCfg = Release|x86
		{5A51C49B-6978-4740-B40E-0FCE61FC5085}.Release|x86.ActiveCfg = Release|x86
		{5A51C49B-6978-4740-B40E-0FCE61FC5085}.Release|x86.Build.0 = Release|x86
	EndGlobalSection
	GlobalSection(SolutionProperties) = preSolution
		HideSolutionNode = FALSE
	EndGlobalSection
	GlobalSection(ExtensibilityGlobals) = postSolution
		SolutionGuid = {65D7D44A-9894-4414-B7AD-A9B2A810E9C7}
	EndGlobalSection
EndGlobal
